
Microsoft Visual Studio Solution File, Format Version 12.00
# Visual Studio Version 16
VisualStudioVersion = 16.0.31424.327
MinimumVisualStudioVersion = 10.0.40219.1
Project("{FAE04EC0-301F-11D3-BF4B-00C04F79EFBC}") = "01-ByteBank", "01-ByteBank\01-ByteBank.csproj", "{CBD8EA5F-B492-40AE-87F3-201475EF36E8}"
EndProject
Project("{FAE04EC0-301F-11D3-BF4B-00C04F79EFBC}") = "02-ByteBank", "02-ByteBank\02-ByteBank.csproj", "{0935EAD0-C1C6-48A6-8147-CE5CAF720732}"
EndProject
Project("{FAE04EC0-301F-11D3-BF4B-00C04F79EFBC}") = "03-ByteBank", "03-ByteBank\03-ByteBank.csproj", "{B9A257CA-AD20-4751-8679-1ECDD3E9FC37}"
EndProject
Global
	GlobalSection(SolutionConfigurationPlatforms) = preSolution
		Debug|Any CPU = Debug|Any CPU
		Release|Any CPU = Release|Any CPU
	EndGlobalSection
	GlobalSection(ProjectConfigurationPlatforms) = postSolution
		{CBD8EA5F-B492-40AE-87F3-201475EF36E8}.Debug|Any CPU.ActiveCfg = Debug|Any CPU
		{CBD8EA5F-B492-40AE-87F3-201475EF36E8}.Debug|Any CPU.Build.0 = Debug|Any CPU
		{CBD8EA5F-B492-40AE-87F3-201475EF36E8}.Release|Any CPU.ActiveCfg = Release|Any CPU
		{CBD8EA5F-B492-40AE-87F3-201475EF36E8}.Release|Any CPU.Build.0 = Release|Any CPU
		{0935EAD0-C1C6-48A6-8147-CE5CAF720732}.Debug|Any CPU.ActiveCfg = Debug|Any CPU
		{0935EAD0-C1C6-48A6-8147-CE5CAF720732}.Debug|Any CPU.Build.0 = Debug|Any CPU
		{0935EAD0-C1C6-48A6-8147-CE5CAF720732}.Release|Any CPU.ActiveCfg = Release|Any CPU
		{0935EAD0-C1C6-48A6-8147-CE5CAF720732}.Release|Any CPU.Build.0 = Release|Any CPU
		{B9A257CA-AD20-4751-8679-1ECDD3E9FC37}.Debug|Any CPU.ActiveCfg = Debug|Any CPU
		{B9A257CA-AD20-4751-8679-1ECDD3E9FC37}.Debug|Any CPU.Build.0 = Debug|Any CPU
		{B9A257CA-AD20-4751-8679-1ECDD3E9FC37}.Release|Any CPU.ActiveCfg = Release|Any CPU
		{B9A257CA-AD20-4751-8679-1ECDD3E9FC37}.Release|Any CPU.Build.0 = Release|Any CPU
	EndGlobalSection
	GlobalSection(SolutionProperties) = preSolution
		HideSolutionNode = FALSE
	EndGlobalSection
	GlobalSection(ExtensibilityGlobals) = postSolution
		SolutionGuid = {6B6F71DD-20CF-4056-A533-2E80E5FED13E}
	EndGlobalSection
EndGlobal
